
Microsoft Visual Studio Solution File, Format Version 12.00
# Visual Studio 15
VisualStudioVersion = 15.0.27703.2000
MinimumVisualStudioVersion = 10.0.40219.1
Project("{FAE04EC0-301F-11D3-BF4B-00C04F79EFBC}") = "WPFApplication1", "WPFApplication1\WPFApplication1.csproj", "{4566ED2C-B732-410C-92B2-5221A932C096}"
EndProject
Global
	GlobalSection(SolutionConfigurationPlatforms) = preSolution
		Debug|Any CPU = Debug|Any CPU
		Release|Any CPU = Release|Any CPU
	EndGlobalSection
	GlobalSection(ProjectConfigurationPlatforms) = postSolution
		{4566ED2C-B732-410C-92B2-5221A932C096}.Debug|Any CPU.ActiveCfg = Debug|Any CPU
		{4566ED2C-B732-410C-92B2-5221A932C096}.Debug|Any CPU.Build.0 = Debug|Any CPU
		{4566ED2C-B732-410C-92B2-5221A932C096}.Release|Any CPU.ActiveCfg = Release|Any CPU
		{4566ED2C-B732-410C-92B2-5221A932C096}.Release|Any CPU.Build.0 = Release|Any CPU
	EndGlobalSection
	GlobalSection(SolutionProperties) = preSolution
		HideSolutionNode = FALSE
	EndGlobalSection
	GlobalSection(ExtensibilityGlobals) = postSolution
		SolutionGuid = {6DEDEB5D-616C-4B50-9E26-E0D7E34991EE}
	EndGlobalSection
EndGlobal
